
Microsoft Visual Studio Solution File, Format Version 12.00
Project("{2150E333-8FDC-42A3-9474-1A3956D46DE8}") = "Randim.Auth", "Randim.Auth", "{34B6C45F-3CCF-4CAD-9DAA-B584B12F4869}"
EndProject
Project("{2150E333-8FDC-42A3-9474-1A3956D46DE8}") = "Randim.Common", "Randim.Common", "{F106B3B6-8B93-4243-A6F7-1F2FC25AECA0}"
EndProject
Project("{FAE04EC0-301F-11D3-BF4B-00C04F79EFBC}") = "Randim.Auth.CQRS", "Randim.Auth\Randim.Auth.CQRS\Randim.Auth.CQRS.csproj", "{41D25AEE-376A-494E-A76B-711217120591}"
EndProject
Project("{FAE04EC0-301F-11D3-BF4B-00C04F79EFBC}") = "Randim.Auth.SDK", "Randim.Auth\Randim.Auth.SDK\Randim.Auth.SDK.csproj", "{A62DF517-1559-43A4-AC84-3F4270CEEA31}"
EndProject
Project("{FAE04EC0-301F-11D3-BF4B-00C04F79EFBC}") = "Randim.Auth.DataAccess", "Randim.Auth\Randim.Auth.DataAccess\Randim.Auth.DataAccess.csproj", "{15617C98-D104-4477-BB4E-5A584AA72889}"
EndProject
Project("{FAE04EC0-301F-11D3-BF4B-00C04F79EFBC}") = "Randim.Auth.Api", "Randim.Auth\Randim.Auth.Api\Randim.Auth.Api.csproj", "{0D291DC5-E638-4594-BAF4-67E4B052D80B}"
EndProject
Project("{FAE04EC0-301F-11D3-BF4B-00C04F79EFBC}") = "Randim.Common.DataAccess", "Randim.Common\Randim.Common.DataAccess\Randim.Common.DataAccess.csproj", "{E9244370-D90D-429F-9118-BEEEE05A27FD}"
EndProject
Project("{FAE04EC0-301F-11D3-BF4B-00C04F79EFBC}") = "Randim.Common.Shared", "Randim.Common\Randim.Common.Shared\Randim.Common.Shared.csproj", "{6BA3EB63-B076-489A-84A4-9EB8D75813AD}"
EndProject
Project("{2150E333-8FDC-42A3-9474-1A3956D46DE8}") = "Randim.Products", "Randim.Products", "{383D89BD-2E4D-F182-C0D1-51D7D72137B9}"
EndProject
Project("{FAE04EC0-301F-11D3-BF4B-00C04F79EFBC}") = "Randim.Products.Api", "Randim.Products\Randim.Products.Api\Randim.Products.Api.csproj", "{F75B4D30-4693-4051-9999-E98EEE4CBB4C}"
EndProject
Global
	GlobalSection(SolutionConfigurationPlatforms) = preSolution
		Debug|Any CPU = Debug|Any CPU
		Debug|x64 = Debug|x64
		Debug|x86 = Debug|x86
		Release|Any CPU = Release|Any CPU
		Release|x64 = Release|x64
		Release|x86 = Release|x86
	EndGlobalSection
	GlobalSection(ProjectConfigurationPlatforms) = postSolution
		{41D25AEE-376A-494E-A76B-711217120591}.Debug|Any CPU.ActiveCfg = Debug|Any CPU
		{41D25AEE-376A-494E-A76B-711217120591}.Debug|Any CPU.Build.0 = Debug|Any CPU
		{41D25AEE-376A-494E-A76B-711217120591}.Debug|x64.ActiveCfg = Debug|Any CPU
		{41D25AEE-376A-494E-A76B-711217120591}.Debug|x64.Build.0 = Debug|Any CPU
		{41D25AEE-376A-494E-A76B-711217120591}.Debug|x86.ActiveCfg = Debug|Any CPU
		{41D25AEE-376A-494E-A76B-711217120591}.Debug|x86.Build.0 = Debug|Any CPU
		{41D25AEE-376A-494E-A76B-711217120591}.Release|Any CPU.ActiveCfg = Release|Any CPU
		{41D25AEE-376A-494E-A76B-711217120591}.Release|Any CPU.Build.0 = Release|Any CPU
		{41D25AEE-376A-494E-A76B-711217120591}.Release|x64.ActiveCfg = Release|Any CPU
		{41D25AEE-376A-494E-A76B-711217120591}.Release|x64.Build.0 = Release|Any CPU
		{41D25AEE-376A-494E-A76B-711217120591}.Release|x86.ActiveCfg = Release|Any CPU
		{41D25AEE-376A-494E-A76B-711217120591}.Release|x86.Build.0 = Release|Any CPU
		{A62DF517-1559-43A4-AC84-3F4270CEEA31}.Debug|Any CPU.ActiveCfg = Debug|Any CPU
		{A62DF517-1559-43A4-AC84-3F4270CEEA31}.Debug|Any CPU.Build.0 = Debug|Any CPU
		{A62DF517-1559-43A4-AC84-3F4270CEEA31}.Debug|x64.ActiveCfg = Debug|Any CPU
		{A62DF517-1559-43A4-AC84-3F4270CEEA31}.Debug|x64.Build.0 = Debug|Any CPU
		{A62DF517-1559-43A4-AC84-3F4270CEEA31}.Debug|x86.ActiveCfg = Debug|Any CPU
		{A62DF517-1559-43A4-AC84-3F4270CEEA31}.Debug|x86.Build.0 = Debug|Any CPU
		{A62DF517-1559-43A4-AC84-3F4270CEEA31}.Release|Any CPU.ActiveCfg = Release|Any CPU
		{A62DF517-1559-43A4-AC84-3F4270CEEA31}.Release|Any CPU.Build.0 = Release|Any CPU
		{A62DF517-1559-43A4-AC84-3F4270CEEA31}.Release|x64.ActiveCfg = Release|Any CPU
		{A62DF517-1559-43A4-AC84-3F4270CEEA31}.Release|x64.Build.0 = Release|Any CPU
		{A62DF517-1559-43A4-AC84-3F4270CEEA31}.Release|x86.ActiveCfg = Release|Any CPU
		{A62DF517-1559-43A4-AC84-3F4270CEEA31}.Release|x86.Build.0 = Release|Any CPU
		{15617C98-D104-4477-BB4E-5A584AA72889}.Debug|Any CPU.ActiveCfg = Debug|Any CPU
		{15617C98-D104-4477-BB4E-5A584AA72889}.Debug|Any CPU.Build.0 = Debug|Any CPU
		{15617C98-D104-4477-BB4E-5A584AA72889}.Debug|x64.ActiveCfg = Debug|Any CPU
		{15617C98-D104-4477-BB4E-5A584AA72889}.Debug|x64.Build.0 = Debug|Any CPU
		{15617C98-D104-4477-BB4E-5A584AA72889}.Debug|x86.ActiveCfg = Debug|Any CPU
		{15617C98-D104-4477-BB4E-5A584AA72889}.Debug|x86.Build.0 = Debug|Any CPU
		{15617C98-D104-4477-BB4E-5A584AA72889}.Release|Any CPU.ActiveCfg = Release|Any CPU
		{15617C98-D104-4477-BB4E-5A584AA72889}.Release|Any CPU.Build.0 = Release|Any CPU
		{15617C98-D104-4477-BB4E-5A584AA72889}.Release|x64.ActiveCfg = Release|Any CPU
		{15617C98-D104-4477-BB4E-5A584AA72889}.Release|x64.Build.0 = Release|Any CPU
		{15617C98-D104-4477-BB4E-5A584AA72889}.Release|x86.ActiveCfg = Release|Any CPU
		{15617C98-D104-4477-BB4E-5A584AA72889}.Release|x86.Build.0 = Release|Any CPU
		{0D291DC5-E638-4594-BAF4-67E4B052D80B}.Debug|Any CPU.ActiveCfg = Debug|Any CPU
		{0D291DC5-E638-4594-BAF4-67E4B052D80B}.Debug|Any CPU.Build.0 = Debug|Any CPU
		{0D291DC5-E638-4594-BAF4-67E4B052D80B}.Debug|x64.ActiveCfg = Debug|Any CPU
		{0D291DC5-E638-4594-BAF4-67E4B052D80B}.Debug|x64.Build.0 = Debug|Any CPU
		{0D291DC5-E638-4594-BAF4-67E4B052D80B}.Debug|x86.ActiveCfg = Debug|Any CPU
		{0D291DC5-E638-4594-BAF4-67E4B052D80B}.Debug|x86.Build.0 = Debug|Any CPU
		{0D291DC5-E638-4594-BAF4-67E4B052D80B}.Release|Any CPU.ActiveCfg = Release|Any CPU
		{0D291DC5-E638-4594-BAF4-67E4B052D80B}.Release|Any CPU.Build.0 = Release|Any CPU
		{0D291DC5-E638-4594-BAF4-67E4B052D80B}.Release|x64.ActiveCfg = Release|Any CPU
		{0D291DC5-E638-4594-BAF4-67E4B052D80B}.Release|x64.Build.0 = Release|Any CPU
		{0D291DC5-E638-4594-BAF4-67E4B052D80B}.Release|x86.ActiveCfg = Release|Any CPU
		{0D291DC5-E638-4594-BAF4-67E4B052D80B}.Release|x86.Build.0 = Release|Any CPU
		{E9244370-D90D-429F-9118-BEEEE05A27FD}.Debug|Any CPU.ActiveCfg = Debug|Any CPU
		{E9244370-D90D-429F-9118-BEEEE05A27FD}.Debug|Any CPU.Build.0 = Debug|Any CPU
		{E9244370-D90D-429F-9118-BEEEE05A27FD}.Debug|x64.ActiveCfg = Debug|Any CPU
		{E9244370-D90D-429F-9118-BEEEE05A27FD}.Debug|x64.Build.0 = Debug|Any CPU
		{E9244370-D90D-429F-9118-BEEEE05A27FD}.Debug|x86.ActiveCfg = Debug|Any CPU
		{E9244370-D90D-429F-9118-BEEEE05A27FD}.Debug|x86.Build.0 = Debug|Any CPU
		{E9244370-D90D-429F-9118-BEEEE05A27FD}.Release|Any CPU.ActiveCfg = Release|Any CPU
		{E9244370-D90D-429F-9118-BEEEE05A27FD}.Release|Any CPU.Build.0 = Release|Any CPU
		{E9244370-D90D-429F-9118-BEEEE05A27FD}.Release|x64.ActiveCfg = Release|Any CPU
		{E9244370-D90D-429F-9118-BEEEE05A27FD}.Release|x64.Build.0 = Release|Any CPU
		{E9244370-D90D-429F-9118-BEEEE05A27FD}.Release|x86.ActiveCfg = Release|Any CPU
		{E9244370-D90D-429F-9118-BEEEE05A27FD}.Release|x86.Build.0 = Release|Any CPU
		{6BA3EB63-B076-489A-84A4-9EB8D75813AD}.Debug|Any CPU.ActiveCfg = Debug|Any CPU
		{6BA3EB63-B076-489A-84A4-9EB8D75813AD}.Debug|Any CPU.Build.0 = Debug|Any CPU
		{6BA3EB63-B076-489A-84A4-9EB8D75813AD}.Debug|x64.ActiveCfg = Debug|Any CPU
		{6BA3EB63-B076-489A-84A4-9EB8D75813AD}.Debug|x64.Build.0 = Debug|Any CPU
		{6BA3EB63-B076-489A-84A4-9EB8D75813AD}.Debug|x86.ActiveCfg = Debug|Any CPU
		{6BA3EB63-B076-489A-84A4-9EB8D75813AD}.Debug|x86.Build.0 = Debug|Any CPU
		{6BA3EB63-B076-489A-84A4-9EB8D75813AD}.Release|Any CPU.ActiveCfg = Release|Any CPU
		{6BA3EB63-B076-489A-84A4-9EB8D75813AD}.Release|Any CPU.Build.0 = Release|Any CPU
		{6BA3EB63-B076-489A-84A4-9EB8D75813AD}.Release|x64.ActiveCfg = Release|Any CPU
		{6BA3EB63-B076-489A-84A4-9EB8D75813AD}.Release|x64.Build.0 = Release|Any CPU
		{6BA3EB63-B076-489A-84A4-9EB8D75813AD}.Release|x86.ActiveCfg = Release|Any CPU
		{6BA3EB63-B076-489A-84A4-9EB8D75813AD}.Release|x86.Build.0 = Release|Any CPU
		{F75B4D30-4693-4051-9999-E98EEE4CBB4C}.Debug|Any CPU.ActiveCfg = Debug|Any CPU
		{F75B4D30-4693-4051-9999-E98EEE4CBB4C}.Debug|Any CPU.Build.0 = Debug|Any CPU
		{F75B4D30-4693-4051-9999-E98EEE4CBB4C}.Debug|x64.ActiveCfg = Debug|Any CPU
		{F75B4D30-4693-4051-9999-E98EEE4CBB4C}.Debug|x64.Build.0 = Debug|Any CPU
		{F75B4D30-4693-4051-9999-E98EEE4CBB4C}.Debug|x86.ActiveCfg = Debug|Any CPU
		{F75B4D30-4693-4051-9999-E98EEE4CBB4C}.Debug|x86.Build.0 = Debug|Any CPU
		{F75B4D30-4693-4051-9999-E98EEE4CBB4C}.Release|Any CPU.ActiveCfg = Release|Any CPU
		{F75B4D30-4693-4051-9999-E98EEE4CBB4C}.Release|Any CPU.Build.0 = Release|Any CPU
		{F75B4D30-4693-4051-9999-E98EEE4CBB4C}.Release|x64.ActiveCfg = Release|Any CPU
		{F75B4D30-4693-4051-9999-E98EEE4CBB4C}.Release|x64.Build.0 = Release|Any CPU
		{F75B4D30-4693-4051-9999-E98EEE4CBB4C}.Release|x86.ActiveCfg = Release|Any CPU
		{F75B4D30-4693-4051-9999-E98EEE4CBB4C}.Release|x86.Build.0 = Release|Any CPU
	EndGlobalSection
	GlobalSection(SolutionProperties) = preSolution
		HideSolutionNode = FALSE
	EndGlobalSection
	GlobalSection(NestedProjects) = preSolution
		{41D25AEE-376A-494E-A76B-711217120591} = {34B6C45F-3CCF-4CAD-9DAA-B584B12F4869}
		{A62DF517-1559-43A4-AC84-3F4270CEEA31} = {34B6C45F-3CCF-4CAD-9DAA-B584B12F4869}
		{15617C98-D104-4477-BB4E-5A584AA72889} = {34B6C45F-3CCF-4CAD-9DAA-B584B12F4869}
		{0D291DC5-E638-4594-BAF4-67E4B052D80B} = {34B6C45F-3CCF-4CAD-9DAA-B584B12F4869}
		{E9244370-D90D-429F-9118-BEEEE05A27FD} = {F106B3B6-8B93-4243-A6F7-1F2FC25AECA0}
		{6BA3EB63-B076-489A-84A4-9EB8D75813AD} = {F106B3B6-8B93-4243-A6F7-1F2FC25AECA0}
		{F75B4D30-4693-4051-9999-E98EEE4CBB4C} = {383D89BD-2E4D-F182-C0D1-51D7D72137B9}
	EndGlobalSection
EndGlobal
