
Microsoft Visual Studio Solution File, Format Version 12.00
Project("{2150E333-8FDC-42A3-9474-1A3956D46DE8}") = "Randim.Common", "Randim.Common", "{F106B3B6-8B93-4243-A6F7-1F2FC25AECA0}"
EndProject
Project("{FAE04EC0-301F-11D3-BF4B-00C04F79EFBC}") = "Randim.Common.DataAccess", "Randim.Common\Randim.Common.DataAccess\Randim.Common.DataAccess.csproj", "{E9244370-D90D-429F-9118-BEEEE05A27FD}"
EndProject
Project("{FAE04EC0-301F-11D3-BF4B-00C04F79EFBC}") = "Randim.Common.Shared", "Randim.Common\Randim.Common.Shared\Randim.Common.Shared.csproj", "{6BA3EB63-B076-489A-84A4-9EB8D75813AD}"
EndProject
Project("{2150E333-8FDC-42A3-9474-1A3956D46DE8}") = "Randim.Products", "Randim.Products", "{383D89BD-2E4D-F182-C0D1-51D7D72137B9}"
EndProject
Project("{FAE04EC0-301F-11D3-BF4B-00C04F79EFBC}") = "Randim.Products.Api", "Randim.Products\Randim.Products.Api\Randim.Products.Api.csproj", "{F75B4D30-4693-4051-9999-E98EEE4CBB4C}"
EndProject
Project("{FAE04EC0-301F-11D3-BF4B-00C04F79EFBC}") = "Randim.Products.Models", "Randim.Products\Randim.Products.Models\Randim.Products.Models.csproj", "{1E0ED2F0-DC4B-4529-B956-F4603216D96F}"
EndProject
Global
	GlobalSection(SolutionConfigurationPlatforms) = preSolution
		Debug|Any CPU = Debug|Any CPU
		Debug|x64 = Debug|x64
		Debug|x86 = Debug|x86
		Release|Any CPU = Release|Any CPU
		Release|x64 = Release|x64
		Release|x86 = Release|x86
	EndGlobalSection
	GlobalSection(ProjectConfigurationPlatforms) = postSolution
		{E9244370-D90D-429F-9118-BEEEE05A27FD}.Debug|Any CPU.ActiveCfg = Debug|Any CPU
		{E9244370-D90D-429F-9118-BEEEE05A27FD}.Debug|Any CPU.Build.0 = Debug|Any CPU
		{E9244370-D90D-429F-9118-BEEEE05A27FD}.Debug|x64.ActiveCfg = Debug|Any CPU
		{E9244370-D90D-429F-9118-BEEEE05A27FD}.Debug|x64.Build.0 = Debug|Any CPU
		{E9244370-D90D-429F-9118-BEEEE05A27FD}.Debug|x86.ActiveCfg = Debug|Any CPU
		{E9244370-D90D-429F-9118-BEEEE05A27FD}.Debug|x86.Build.0 = Debug|Any CPU
		{E9244370-D90D-429F-9118-BEEEE05A27FD}.Release|Any CPU.ActiveCfg = Release|Any CPU
		{E9244370-D90D-429F-9118-BEEEE05A27FD}.Release|Any CPU.Build.0 = Release|Any CPU
		{E9244370-D90D-429F-9118-BEEEE05A27FD}.Release|x64.ActiveCfg = Release|Any CPU
		{E9244370-D90D-429F-9118-BEEEE05A27FD}.Release|x64.Build.0 = Release|Any CPU
		{E9244370-D90D-429F-9118-BEEEE05A27FD}.Release|x86.ActiveCfg = Release|Any CPU
		{E9244370-D90D-429F-9118-BEEEE05A27FD}.Release|x86.Build.0 = Release|Any CPU
		{6BA3EB63-B076-489A-84A4-9EB8D75813AD}.Debug|Any CPU.ActiveCfg = Debug|Any CPU
		{6BA3EB63-B076-489A-84A4-9EB8D75813AD}.Debug|Any CPU.Build.0 = Debug|Any CPU
		{6BA3EB63-B076-489A-84A4-9EB8D75813AD}.Debug|x64.ActiveCfg = Debug|Any CPU
		{6BA3EB63-B076-489A-84A4-9EB8D75813AD}.Debug|x64.Build.0 = Debug|Any CPU
		{6BA3EB63-B076-489A-84A4-9EB8D75813AD}.Debug|x86.ActiveCfg = Debug|Any CPU
		{6BA3EB63-B076-489A-84A4-9EB8D75813AD}.Debug|x86.Build.0 = Debug|Any CPU
		{6BA3EB63-B076-489A-84A4-9EB8D75813AD}.Release|Any CPU.ActiveCfg = Release|Any CPU
		{6BA3EB63-B076-489A-84A4-9EB8D75813AD}.Release|Any CPU.Build.0 = Release|Any CPU
		{6BA3EB63-B076-489A-84A4-9EB8D75813AD}.Release|x64.ActiveCfg = Release|Any CPU
		{6BA3EB63-B076-489A-84A4-9EB8D75813AD}.Release|x64.Build.0 = Release|Any CPU
		{6BA3EB63-B076-489A-84A4-9EB8D75813AD}.Release|x86.ActiveCfg = Release|Any CPU
		{6BA3EB63-B076-489A-84A4-9EB8D75813AD}.Release|x86.Build.0 = Release|Any CPU
		{F75B4D30-4693-4051-9999-E98EEE4CBB4C}.Debug|Any CPU.ActiveCfg = Debug|Any CPU
		{F75B4D30-4693-4051-9999-E98EEE4CBB4C}.Debug|Any CPU.Build.0 = Debug|Any CPU
		{F75B4D30-4693-4051-9999-E98EEE4CBB4C}.Debug|x64.ActiveCfg = Debug|Any CPU
		{F75B4D30-4693-4051-9999-E98EEE4CBB4C}.Debug|x64.Build.0 = Debug|Any CPU
		{F75B4D30-4693-4051-9999-E98EEE4CBB4C}.Debug|x86.ActiveCfg = Debug|Any CPU
		{F75B4D30-4693-4051-9999-E98EEE4CBB4C}.Debug|x86.Build.0 = Debug|Any CPU
		{F75B4D30-4693-4051-9999-E98EEE4CBB4C}.Release|Any CPU.ActiveCfg = Release|Any CPU
		{F75B4D30-4693-4051-9999-E98EEE4CBB4C}.Release|Any CPU.Build.0 = Release|Any CPU
		{F75B4D30-4693-4051-9999-E98EEE4CBB4C}.Release|x64.ActiveCfg = Release|Any CPU
		{F75B4D30-4693-4051-9999-E98EEE4CBB4C}.Release|x64.Build.0 = Release|Any CPU
		{F75B4D30-4693-4051-9999-E98EEE4CBB4C}.Release|x86.ActiveCfg = Release|Any CPU
		{F75B4D30-4693-4051-9999-E98EEE4CBB4C}.Release|x86.Build.0 = Release|Any CPU
		{1E0ED2F0-DC4B-4529-B956-F4603216D96F}.Debug|Any CPU.ActiveCfg = Debug|Any CPU
		{1E0ED2F0-DC4B-4529-B956-F4603216D96F}.Debug|Any CPU.Build.0 = Debug|Any CPU
		{1E0ED2F0-DC4B-4529-B956-F4603216D96F}.Debug|x64.ActiveCfg = Debug|Any CPU
		{1E0ED2F0-DC4B-4529-B956-F4603216D96F}.Debug|x64.Build.0 = Debug|Any CPU
		{1E0ED2F0-DC4B-4529-B956-F4603216D96F}.Debug|x86.ActiveCfg = Debug|Any CPU
		{1E0ED2F0-DC4B-4529-B956-F4603216D96F}.Debug|x86.Build.0 = Debug|Any CPU
		{1E0ED2F0-DC4B-4529-B956-F4603216D96F}.Release|Any CPU.ActiveCfg = Release|Any CPU
		{1E0ED2F0-DC4B-4529-B956-F4603216D96F}.Release|Any CPU.Build.0 = Release|Any CPU
		{1E0ED2F0-DC4B-4529-B956-F4603216D96F}.Release|x64.ActiveCfg = Release|Any CPU
		{1E0ED2F0-DC4B-4529-B956-F4603216D96F}.Release|x64.Build.0 = Release|Any CPU
		{1E0ED2F0-DC4B-4529-B956-F4603216D96F}.Release|x86.ActiveCfg = Release|Any CPU
		{1E0ED2F0-DC4B-4529-B956-F4603216D96F}.Release|x86.Build.0 = Release|Any CPU
	EndGlobalSection
	GlobalSection(SolutionProperties) = preSolution
		HideSolutionNode = FALSE
	EndGlobalSection
	GlobalSection(NestedProjects) = preSolution
		{E9244370-D90D-429F-9118-BEEEE05A27FD} = {F106B3B6-8B93-4243-A6F7-1F2FC25AECA0}
		{6BA3EB63-B076-489A-84A4-9EB8D75813AD} = {F106B3B6-8B93-4243-A6F7-1F2FC25AECA0}
		{F75B4D30-4693-4051-9999-E98EEE4CBB4C} = {383D89BD-2E4D-F182-C0D1-51D7D72137B9}
		{1E0ED2F0-DC4B-4529-B956-F4603216D96F} = {383D89BD-2E4D-F182-C0D1-51D7D72137B9}
	EndGlobalSection
EndGlobal
