
Microsoft Visual Studio Solution File, Format Version 12.00
# Visual Studio Version 17
VisualStudioVersion = 17.13.35818.85 d17.13
MinimumVisualStudioVersion = 10.0.40219.1
Project("{2150E333-8FDC-42A3-9474-1A3956D46DE8}") = "Randim.Common", "Randim.Common", "{F106B3B6-8B93-4243-A6F7-1F2FC25AECA0}"
EndProject
Project("{FAE04EC0-301F-11D3-BF4B-00C04F79EFBC}") = "Randim.Common.DataAccess", "Randim.Common\Randim.Common.DataAccess\Randim.Common.DataAccess.csproj", "{E9244370-D90D-429F-9118-BEEEE05A27FD}"
EndProject
Project("{FAE04EC0-301F-11D3-BF4B-00C04F79EFBC}") = "Randim.Common.Shared", "Randim.Common\Randim.Common.Shared\Randim.Common.Shared.csproj", "{6BA3EB63-B076-489A-84A4-9EB8D75813AD}"
EndProject
Project("{2150E333-8FDC-42A3-9474-1A3956D46DE8}") = "Randim.UserService", "Randim.UserService", "{98F09E28-5F93-6101-34F2-019F73F868DF}"
EndProject
Project("{FAE04EC0-301F-11D3-BF4B-00C04F79EFBC}") = "Randim.UserService.Models", "Randim.UserService\Randim.UserService.Models\Randim.UserService.Models.csproj", "{5313EF73-F13A-456C-BBAD-A7146E1C0E90}"
EndProject
Project("{FAE04EC0-301F-11D3-BF4B-00C04F79EFBC}") = "Randim.UserService.Api", "Randim.UserService\Randim.UserService.Api\Randim.UserService.Api.csproj", "{F0252B60-E094-4549-986B-26D1D04CCE92}"
EndProject
Project("{FAE04EC0-301F-11D3-BF4B-00C04F79EFBC}") = "Randim.UserService.DataAccess", "Randim.UserService\Randim.UserService.DataAccess\Randim.UserService.DataAccess.csproj", "{6D309081-06A8-479C-9D7B-775775DE57F8}"
EndProject
Project("{FAE04EC0-301F-11D3-BF4B-00C04F79EFBC}") = "Randim.UserService.SDK", "Randim.UserService\Randim.UserService.SDK\Randim.UserService.SDK.csproj", "{377DD146-0ED2-4FC0-A24F-5271B753FB82}"
EndProject
Project("{2150E333-8FDC-42A3-9474-1A3956D46DE8}") = "Solution Items", "Solution Items", "{02EA681E-C7D8-13C7-8484-4AC65E1B71E8}"
	ProjectSection(SolutionItems) = preProject
		.editorconfig = .editorconfig
		Directory.Build.props = Directory.Build.props
	EndProjectSection
EndProject
Global
	GlobalSection(SolutionConfigurationPlatforms) = preSolution
		Debug|Any CPU = Debug|Any CPU
		Debug|x64 = Debug|x64
		Debug|x86 = Debug|x86
		Release|Any CPU = Release|Any CPU
		Release|x64 = Release|x64
		Release|x86 = Release|x86
	EndGlobalSection
	GlobalSection(ProjectConfigurationPlatforms) = postSolution
		{E9244370-D90D-429F-9118-BEEEE05A27FD}.Debug|Any CPU.ActiveCfg = Debug|Any CPU
		{E9244370-D90D-429F-9118-BEEEE05A27FD}.Debug|Any CPU.Build.0 = Debug|Any CPU
		{E9244370-D90D-429F-9118-BEEEE05A27FD}.Debug|x64.ActiveCfg = Debug|Any CPU
		{E9244370-D90D-429F-9118-BEEEE05A27FD}.Debug|x64.Build.0 = Debug|Any CPU
		{E9244370-D90D-429F-9118-BEEEE05A27FD}.Debug|x86.ActiveCfg = Debug|Any CPU
		{E9244370-D90D-429F-9118-BEEEE05A27FD}.Debug|x86.Build.0 = Debug|Any CPU
		{E9244370-D90D-429F-9118-BEEEE05A27FD}.Release|Any CPU.ActiveCfg = Release|Any CPU
		{E9244370-D90D-429F-9118-BEEEE05A27FD}.Release|Any CPU.Build.0 = Release|Any CPU
		{E9244370-D90D-429F-9118-BEEEE05A27FD}.Release|x64.ActiveCfg = Release|Any CPU
		{E9244370-D90D-429F-9118-BEEEE05A27FD}.Release|x64.Build.0 = Release|Any CPU
		{E9244370-D90D-429F-9118-BEEEE05A27FD}.Release|x86.ActiveCfg = Release|Any CPU
		{E9244370-D90D-429F-9118-BEEEE05A27FD}.Release|x86.Build.0 = Release|Any CPU
		{6BA3EB63-B076-489A-84A4-9EB8D75813AD}.Debug|Any CPU.ActiveCfg = Debug|Any CPU
		{6BA3EB63-B076-489A-84A4-9EB8D75813AD}.Debug|Any CPU.Build.0 = Debug|Any CPU
		{6BA3EB63-B076-489A-84A4-9EB8D75813AD}.Debug|x64.ActiveCfg = Debug|Any CPU
		{6BA3EB63-B076-489A-84A4-9EB8D75813AD}.Debug|x64.Build.0 = Debug|Any CPU
		{6BA3EB63-B076-489A-84A4-9EB8D75813AD}.Debug|x86.ActiveCfg = Debug|Any CPU
		{6BA3EB63-B076-489A-84A4-9EB8D75813AD}.Debug|x86.Build.0 = Debug|Any CPU
		{6BA3EB63-B076-489A-84A4-9EB8D75813AD}.Release|Any CPU.ActiveCfg = Release|Any CPU
		{6BA3EB63-B076-489A-84A4-9EB8D75813AD}.Release|Any CPU.Build.0 = Release|Any CPU
		{6BA3EB63-B076-489A-84A4-9EB8D75813AD}.Release|x64.ActiveCfg = Release|Any CPU
		{6BA3EB63-B076-489A-84A4-9EB8D75813AD}.Release|x64.Build.0 = Release|Any CPU
		{6BA3EB63-B076-489A-84A4-9EB8D75813AD}.Release|x86.ActiveCfg = Release|Any CPU
		{6BA3EB63-B076-489A-84A4-9EB8D75813AD}.Release|x86.Build.0 = Release|Any CPU
		{5313EF73-F13A-456C-BBAD-A7146E1C0E90}.Debug|Any CPU.ActiveCfg = Debug|Any CPU
		{5313EF73-F13A-456C-BBAD-A7146E1C0E90}.Debug|Any CPU.Build.0 = Debug|Any CPU
		{5313EF73-F13A-456C-BBAD-A7146E1C0E90}.Debug|x64.ActiveCfg = Debug|Any CPU
		{5313EF73-F13A-456C-BBAD-A7146E1C0E90}.Debug|x64.Build.0 = Debug|Any CPU
		{5313EF73-F13A-456C-BBAD-A7146E1C0E90}.Debug|x86.ActiveCfg = Debug|Any CPU
		{5313EF73-F13A-456C-BBAD-A7146E1C0E90}.Debug|x86.Build.0 = Debug|Any CPU
		{5313EF73-F13A-456C-BBAD-A7146E1C0E90}.Release|Any CPU.ActiveCfg = Release|Any CPU
		{5313EF73-F13A-456C-BBAD-A7146E1C0E90}.Release|Any CPU.Build.0 = Release|Any CPU
		{5313EF73-F13A-456C-BBAD-A7146E1C0E90}.Release|x64.ActiveCfg = Release|Any CPU
		{5313EF73-F13A-456C-BBAD-A7146E1C0E90}.Release|x64.Build.0 = Release|Any CPU
		{5313EF73-F13A-456C-BBAD-A7146E1C0E90}.Release|x86.ActiveCfg = Release|Any CPU
		{5313EF73-F13A-456C-BBAD-A7146E1C0E90}.Release|x86.Build.0 = Release|Any CPU
		{F0252B60-E094-4549-986B-26D1D04CCE92}.Debug|Any CPU.ActiveCfg = Debug|Any CPU
		{F0252B60-E094-4549-986B-26D1D04CCE92}.Debug|Any CPU.Build.0 = Debug|Any CPU
		{F0252B60-E094-4549-986B-26D1D04CCE92}.Debug|x64.ActiveCfg = Debug|Any CPU
		{F0252B60-E094-4549-986B-26D1D04CCE92}.Debug|x64.Build.0 = Debug|Any CPU
		{F0252B60-E094-4549-986B-26D1D04CCE92}.Debug|x86.ActiveCfg = Debug|Any CPU
		{F0252B60-E094-4549-986B-26D1D04CCE92}.Debug|x86.Build.0 = Debug|Any CPU
		{F0252B60-E094-4549-986B-26D1D04CCE92}.Release|Any CPU.ActiveCfg = Release|Any CPU
		{F0252B60-E094-4549-986B-26D1D04CCE92}.Release|Any CPU.Build.0 = Release|Any CPU
		{F0252B60-E094-4549-986B-26D1D04CCE92}.Release|x64.ActiveCfg = Release|Any CPU
		{F0252B60-E094-4549-986B-26D1D04CCE92}.Release|x64.Build.0 = Release|Any CPU
		{F0252B60-E094-4549-986B-26D1D04CCE92}.Release|x86.ActiveCfg = Release|Any CPU
		{F0252B60-E094-4549-986B-26D1D04CCE92}.Release|x86.Build.0 = Release|Any CPU
		{6D309081-06A8-479C-9D7B-775775DE57F8}.Debug|Any CPU.ActiveCfg = Debug|Any CPU
		{6D309081-06A8-479C-9D7B-775775DE57F8}.Debug|Any CPU.Build.0 = Debug|Any CPU
		{6D309081-06A8-479C-9D7B-775775DE57F8}.Debug|x64.ActiveCfg = Debug|Any CPU
		{6D309081-06A8-479C-9D7B-775775DE57F8}.Debug|x64.Build.0 = Debug|Any CPU
		{6D309081-06A8-479C-9D7B-775775DE57F8}.Debug|x86.ActiveCfg = Debug|Any CPU
		{6D309081-06A8-479C-9D7B-775775DE57F8}.Debug|x86.Build.0 = Debug|Any CPU
		{6D309081-06A8-479C-9D7B-775775DE57F8}.Release|Any CPU.ActiveCfg = Release|Any CPU
		{6D309081-06A8-479C-9D7B-775775DE57F8}.Release|Any CPU.Build.0 = Release|Any CPU
		{6D309081-06A8-479C-9D7B-775775DE57F8}.Release|x64.ActiveCfg = Release|Any CPU
		{6D309081-06A8-479C-9D7B-775775DE57F8}.Release|x64.Build.0 = Release|Any CPU
		{6D309081-06A8-479C-9D7B-775775DE57F8}.Release|x86.ActiveCfg = Release|Any CPU
		{6D309081-06A8-479C-9D7B-775775DE57F8}.Release|x86.Build.0 = Release|Any CPU
		{377DD146-0ED2-4FC0-A24F-5271B753FB82}.Debug|Any CPU.ActiveCfg = Debug|Any CPU
		{377DD146-0ED2-4FC0-A24F-5271B753FB82}.Debug|Any CPU.Build.0 = Debug|Any CPU
		{377DD146-0ED2-4FC0-A24F-5271B753FB82}.Debug|x64.ActiveCfg = Debug|Any CPU
		{377DD146-0ED2-4FC0-A24F-5271B753FB82}.Debug|x64.Build.0 = Debug|Any CPU
		{377DD146-0ED2-4FC0-A24F-5271B753FB82}.Debug|x86.ActiveCfg = Debug|Any CPU
		{377DD146-0ED2-4FC0-A24F-5271B753FB82}.Debug|x86.Build.0 = Debug|Any CPU
		{377DD146-0ED2-4FC0-A24F-5271B753FB82}.Release|Any CPU.ActiveCfg = Release|Any CPU
		{377DD146-0ED2-4FC0-A24F-5271B753FB82}.Release|Any CPU.Build.0 = Release|Any CPU
		{377DD146-0ED2-4FC0-A24F-5271B753FB82}.Release|x64.ActiveCfg = Release|Any CPU
		{377DD146-0ED2-4FC0-A24F-5271B753FB82}.Release|x64.Build.0 = Release|Any CPU
		{377DD146-0ED2-4FC0-A24F-5271B753FB82}.Release|x86.ActiveCfg = Release|Any CPU
		{377DD146-0ED2-4FC0-A24F-5271B753FB82}.Release|x86.Build.0 = Release|Any CPU
	EndGlobalSection
	GlobalSection(SolutionProperties) = preSolution
		HideSolutionNode = FALSE
	EndGlobalSection
	GlobalSection(NestedProjects) = preSolution
		{E9244370-D90D-429F-9118-BEEEE05A27FD} = {F106B3B6-8B93-4243-A6F7-1F2FC25AECA0}
		{6BA3EB63-B076-489A-84A4-9EB8D75813AD} = {F106B3B6-8B93-4243-A6F7-1F2FC25AECA0}
		{5313EF73-F13A-456C-BBAD-A7146E1C0E90} = {98F09E28-5F93-6101-34F2-019F73F868DF}
		{F0252B60-E094-4549-986B-26D1D04CCE92} = {98F09E28-5F93-6101-34F2-019F73F868DF}
		{6D309081-06A8-479C-9D7B-775775DE57F8} = {98F09E28-5F93-6101-34F2-019F73F868DF}
		{377DD146-0ED2-4FC0-A24F-5271B753FB82} = {98F09E28-5F93-6101-34F2-019F73F868DF}
	EndGlobalSection
	GlobalSection(ExtensibilityGlobals) = postSolution
		SolutionGuid = {45115E36-E412-4A56-AF03-66BB62712E4F}
	EndGlobalSection
EndGlobal
